{
  "version": "4",
  "specifiers": {
    "jsr:@std/cli@*": "1.0.9",
    "jsr:@std/fmt@*": "1.0.3",
    "jsr:@std/text@*": "1.0.9"
  },
  "jsr": {
    "@std/cli@1.0.9": {
      "integrity": "557e5865af000efbf3f737dcfea5b8ab86453594f4a9cd8d08c9fa83d8e3f3bc"
    },
    "@std/fmt@1.0.3": {
      "integrity": "97765c16aa32245ff4e2204ecf7d8562496a3cb8592340a80e7e554e0bb9149f"
    },
    "@std/text@1.0.9": {
      "integrity": "b2db4abc3e6ab93eb0280a0d5e126fd3fca80955bcc297ccaaf555e995eab747"
    }
  },
  "workspace": {
    "dependencies": [
      "jsr:@std/assert@1"
    ]
  }
}
